
Microsoft Visual Studio Solution File, Format Version 12.00
# Visual Studio Version 17
VisualStudioVersion = 17.9.34728.123
MinimumVisualStudioVersion = 10.0.40219.1
Project("{8BC9CEB8-8B4A-11D0-8D11-00A0C91BC942}") = "dsoal", "dsoal.vcxproj", "{457D22C0-E3D3-4BF7-BD01-144A085C7B75}"
	ProjectSection(ProjectDependencies) = postProject
		{8C8236B6-D2B8-380E-B18F-BD996ABA53C4} = {8C8236B6-D2B8-380E-B18F-BD996ABA53C4}
		{CC004D4B-A618-3FEC-837B-CAA03225A2E7} = {CC004D4B-A618-3FEC-837B-CAA03225A2E7}
	EndProjectSection
EndProject
Project("{2150E333-8FDC-42A3-9474-1A3956D46DE8}") = "depot", "depot", "{19BC4E6D-6E7A-406C-B031-21D80EF6BF81}"
EndProject
Project("{8BC9CEB8-8B4A-11D0-8D11-00A0C91BC942}") = "common", "openal\common.vcxproj", "{8C8236B6-D2B8-380E-B18F-BD996ABA53C4}"
EndProject
Project("{8BC9CEB8-8B4A-11D0-8D11-00A0C91BC942}") = "OpenAL", "openal\OpenAL.vcxproj", "{CC004D4B-A618-3FEC-837B-CAA03225A2E7}"
	ProjectSection(ProjectDependencies) = postProject
		{8C8236B6-D2B8-380E-B18F-BD996ABA53C4} = {8C8236B6-D2B8-380E-B18F-BD996ABA53C4}
	EndProjectSection
EndProject
Global
	GlobalSection(SolutionConfigurationPlatforms) = preSolution
		Debug|x86 = Debug|x86
		Release|x86 = Release|x86
		Workflow|x86 = Workflow|x86
	EndGlobalSection
	GlobalSection(ProjectConfigurationPlatforms) = postSolution
		{457D22C0-E3D3-4BF7-BD01-144A085C7B75}.Debug|x86.ActiveCfg = Debug|Win32
		{457D22C0-E3D3-4BF7-BD01-144A085C7B75}.Debug|x86.Build.0 = Debug|Win32
		{457D22C0-E3D3-4BF7-BD01-144A085C7B75}.Release|x86.ActiveCfg = Release|Win32
		{457D22C0-E3D3-4BF7-BD01-144A085C7B75}.Release|x86.Build.0 = Release|Win32
		{457D22C0-E3D3-4BF7-BD01-144A085C7B75}.Workflow|x86.ActiveCfg = Workflow|Win32
		{457D22C0-E3D3-4BF7-BD01-144A085C7B75}.Workflow|x86.Build.0 = Workflow|Win32
		{8C8236B6-D2B8-380E-B18F-BD996ABA53C4}.Debug|x86.ActiveCfg = Debug|Win32
		{8C8236B6-D2B8-380E-B18F-BD996ABA53C4}.Debug|x86.Build.0 = Debug|Win32
		{8C8236B6-D2B8-380E-B18F-BD996ABA53C4}.Release|x86.ActiveCfg = Release|Win32
		{8C8236B6-D2B8-380E-B18F-BD996ABA53C4}.Release|x86.Build.0 = Release|Win32
		{8C8236B6-D2B8-380E-B18F-BD996ABA53C4}.Workflow|x86.ActiveCfg = Workflow|Win32
		{8C8236B6-D2B8-380E-B18F-BD996ABA53C4}.Workflow|x86.Build.0 = Workflow|Win32
		{CC004D4B-A618-3FEC-837B-CAA03225A2E7}.Debug|x86.ActiveCfg = Debug|Win32
		{CC004D4B-A618-3FEC-837B-CAA03225A2E7}.Debug|x86.Build.0 = Debug|Win32
		{CC004D4B-A618-3FEC-837B-CAA03225A2E7}.Release|x86.ActiveCfg = Release|Win32
		{CC004D4B-A618-3FEC-837B-CAA03225A2E7}.Release|x86.Build.0 = Release|Win32
		{CC004D4B-A618-3FEC-837B-CAA03225A2E7}.Workflow|x86.ActiveCfg = Workflow|Win32
		{CC004D4B-A618-3FEC-837B-CAA03225A2E7}.Workflow|x86.Build.0 = Workflow|Win32
	EndGlobalSection
	GlobalSection(SolutionProperties) = preSolution
		HideSolutionNode = FALSE
	EndGlobalSection
	GlobalSection(NestedProjects) = preSolution
		{8C8236B6-D2B8-380E-B18F-BD996ABA53C4} = {19BC4E6D-6E7A-406C-B031-21D80EF6BF81}
		{CC004D4B-A618-3FEC-837B-CAA03225A2E7} = {19BC4E6D-6E7A-406C-B031-21D80EF6BF81}
	EndGlobalSection
	GlobalSection(ExtensibilityGlobals) = postSolution
		SolutionGuid = {A6A5823B-A135-4BE9-9249-2012A5C08132}
	EndGlobalSection
EndGlobal
